
Microsoft Visual Studio Solution File, Format Version 12.00
Project("{FAE04EC0-301F-11D3-BF4B-00C04F79EFBC}") = "TestNinja", "TestNinja\TestNinja.csproj", "{BA152F46-EB78-49A7-8CF5-EB7E278923C0}"
EndProject
Project("{FAE04EC0-301F-11D3-BF4B-00C04F79EFBC}") = "TestNinja.UnitTest", "TestNinja.UnitTest\TestNinja.UnitTest.csproj", "{12557EC3-33A3-4182-87C5-3932F18E3DA1}"
EndProject
Global
	GlobalSection(SolutionConfigurationPlatforms) = preSolution
		Debug|Any CPU = Debug|Any CPU
		Release|Any CPU = Release|Any CPU
	EndGlobalSection
	GlobalSection(ProjectConfigurationPlatforms) = postSolution
		{BA152F46-EB78-49A7-8CF5-EB7E278923C0}.Debug|Any CPU.ActiveCfg = Debug|Any CPU
		{BA152F46-EB78-49A7-8CF5-EB7E278923C0}.Debug|Any CPU.Build.0 = Debug|Any CPU
		{BA152F46-EB78-49A7-8CF5-EB7E278923C0}.Release|Any CPU.ActiveCfg = Release|Any CPU
		{BA152F46-EB78-49A7-8CF5-EB7E278923C0}.Release|Any CPU.Build.0 = Release|Any CPU
		{12557EC3-33A3-4182-87C5-3932F18E3DA1}.Debug|Any CPU.ActiveCfg = Debug|Any CPU
		{12557EC3-33A3-4182-87C5-3932F18E3DA1}.Debug|Any CPU.Build.0 = Debug|Any CPU
		{12557EC3-33A3-4182-87C5-3932F18E3DA1}.Release|Any CPU.ActiveCfg = Release|Any CPU
		{12557EC3-33A3-4182-87C5-3932F18E3DA1}.Release|Any CPU.Build.0 = Release|Any CPU
	EndGlobalSection
EndGlobal
